
Microsoft Visual Studio Solution File, Format Version 12.00
# Visual Studio 14
VisualStudioVersion = 14.0.24720.0
MinimumVisualStudioVersion = 10.0.40219.1
Project("{FAE04EC0-301F-11D3-BF4B-00C04F79EFBC}") = "up_data", "up_data\up_data.csproj", "{324ABD93-3B7F-414C-84F8-15A14B71AE85}"
EndProject
Global
	GlobalSection(SolutionConfigurationPlatforms) = preSolution
		Debug|Any CPU = Debug|Any CPU
		Release|Any CPU = Release|Any CPU
	EndGlobalSection
	GlobalSection(ProjectConfigurationPlatforms) = postSolution
		{324ABD93-3B7F-414C-84F8-15A14B71AE85}.Debug|Any CPU.ActiveCfg = Debug|Any CPU
		{324ABD93-3B7F-414C-84F8-15A14B71AE85}.Debug|Any CPU.Build.0 = Debug|Any CPU
		{324ABD93-3B7F-414C-84F8-15A14B71AE85}.Release|Any CPU.ActiveCfg = Release|Any CPU
		{324ABD93-3B7F-414C-84F8-15A14B71AE85}.Release|Any CPU.Build.0 = Release|Any CPU
	EndGlobalSection
	GlobalSection(SolutionProperties) = preSolution
		HideSolutionNode = FALSE
	EndGlobalSection
EndGlobal
